
Microsoft Visual Studio Solution File, Format Version 12.00
# Visual Studio 2012
Project("{FAE04EC0-301F-11D3-BF4B-00C04F79EFBC}") = "ConsoleApplication", "ConsoleApplication\ConsoleApplication.csproj", "{B88F6685-E545-4529-92E5-C82624116C0A}"
EndProject
Global
	GlobalSection(SolutionConfigurationPlatforms) = preSolution
		Debug|Any CPU = Debug|Any CPU
		Release|Any CPU = Release|Any CPU
	EndGlobalSection
	GlobalSection(ProjectConfigurationPlatforms) = postSolution
		{B88F6685-E545-4529-92E5-C82624116C0A}.Debug|Any CPU.ActiveCfg = Debug|Any CPU
		{B88F6685-E545-4529-92E5-C82624116C0A}.Debug|Any CPU.Build.0 = Debug|Any CPU
		{B88F6685-E545-4529-92E5-C82624116C0A}.Release|Any CPU.ActiveCfg = Release|Any CPU
		{B88F6685-E545-4529-92E5-C82624116C0A}.Release|Any CPU.Build.0 = Release|Any CPU
	EndGlobalSection
	GlobalSection(SolutionProperties) = preSolution
		HideSolutionNode = FALSE
	EndGlobalSection
EndGlobal
